# THIS IS AN AUTOGENERATED FILE. DO NOT EDIT THIS FILE DIRECTLY.
# yarn lockfile v1


pyright@1.1.301:
  version "1.1.301"
  resolved "https://registry.npmjs.org/pyright/-/pyright-1.1.301.tgz"
  integrity sha512-Y4MMELxQ/5+/FlWjbQTg5wbP3z+V4IyFcATSsNLpZbJm0y4gz6ijf/b0zZV1sA8yJstf6xJ98vw5qxPM0yU8Zg==
