# THIS IS AN AUTOGENERATED FILE. DO NOT EDIT THIS FILE DIRECTLY.
# yarn lockfile v1


pyright@1.1.234:
  version "1.1.234"
  resolved "https://registry.yarnpkg.com/pyright/-/pyright-1.1.234.tgz#f304666fd9b0676b0e76e5971e4f61ce6c8fdc2d"
  integrity sha512-09aeuMkxJj86Y2BPbAE1xkf6yKalIxq2hZHwBegiryBeLUsGOnpPmBWXD34luTZnQWeni9wllOdaD8xhl+Yh4A==
