# THIS IS AN AUTOGENERATED FILE. DO NOT EDIT THIS FILE DIRECTLY.
# yarn lockfile v1


fsevents@~2.3.2:
  version "2.3.3"
  resolved "https://registry.yarnpkg.com/fsevents/-/fsevents-2.3.3.tgz#cac6407785d03675a2a5e1a5305c697b347d90d6"
  integrity sha512-5xoDfX+fL7faATnagmWPpbFtwh/R77WmMMqqHGS65C3vvB0YHrgF+B1YmZ3441tMj5n63k0212XNoJwzlhffQw==

pyright@1.1.324:
  version "1.1.324"
  resolved "https://registry.yarnpkg.com/pyright/-/pyright-1.1.324.tgz#6a964835c0e1aabf039cb35d8587e0d9ce7b37bf"
  integrity sha512-/Ng8G2Gb17dzQEHKgPa+Z5a6LPCLYNA4BVno1UdpDjnC9iLw0VAn5k/RNuaGkB/mhA82lV0OBcd5JEdaWcA3qg==
  optionalDependencies:
    fsevents "~2.3.2"
